
Microsoft Visual Studio Solution File, Format Version 12.00
# Visual Studio Version 17
VisualStudioVersion = 17.9.34622.214
MinimumVisualStudioVersion = 10.0.40219.1
Project("{FAE04EC0-301F-11D3-BF4B-00C04F79EFBC}") = "TestApp", "TestApp.csproj", "{0C34C903-DA4E-44A5-BE8B-F383035E78B7}"
EndProject
Global
	GlobalSection(SolutionConfigurationPlatforms) = preSolution
		Debug|Any CPU = Debug|Any CPU
		Release|Any CPU = Release|Any CPU
	EndGlobalSection
	GlobalSection(ProjectConfigurationPlatforms) = postSolution
		{0C34C903-DA4E-44A5-BE8B-F383035E78B7}.Debug|Any CPU.ActiveCfg = Debug|Any CPU
		{0C34C903-DA4E-44A5-BE8B-F383035E78B7}.Debug|Any CPU.Build.0 = Debug|Any CPU
		{0C34C903-DA4E-44A5-BE8B-F383035E78B7}.Release|Any CPU.ActiveCfg = Release|Any CPU
		{0C34C903-DA4E-44A5-BE8B-F383035E78B7}.Release|Any CPU.Build.0 = Release|Any CPU
	EndGlobalSection
	GlobalSection(SolutionProperties) = preSolution
		HideSolutionNode = FALSE
	EndGlobalSection
	GlobalSection(ExtensibilityGlobals) = postSolution
		SolutionGuid = {DB38B779-757A-4F2F-963B-08F0AD535F0F}
	EndGlobalSection
EndGlobal
